
Microsoft Visual Studio Solution File, Format Version 12.00
# Visual Studio Version 17
VisualStudioVersion = 17.2.32519.379
MinimumVisualStudioVersion = 10.0.40219.1
Project("{FAE04EC0-301F-11D3-BF4B-00C04F79EFBC}") = "NZWalks.API", "NZWalks.API\NZWalks.API.csproj", "{2E4E86C8-FB6C-4225-AD8C-966F911B7BB4}"
EndProject
Global
	GlobalSection(SolutionConfigurationPlatforms) = preSolution
		Debug|Any CPU = Debug|Any CPU
		Release|Any CPU = Release|Any CPU
	EndGlobalSection
	GlobalSection(ProjectConfigurationPlatforms) = postSolution
		{2E4E86C8-FB6C-4225-AD8C-966F911B7BB4}.Debug|Any CPU.ActiveCfg = Debug|Any CPU
		{2E4E86C8-FB6C-4225-AD8C-966F911B7BB4}.Debug|Any CPU.Build.0 = Debug|Any CPU
		{2E4E86C8-FB6C-4225-AD8C-966F911B7BB4}.Release|Any CPU.ActiveCfg = Release|Any CPU
		{2E4E86C8-FB6C-4225-AD8C-966F911B7BB4}.Release|Any CPU.Build.0 = Release|Any CPU
	EndGlobalSection
	GlobalSection(SolutionProperties) = preSolution
		HideSolutionNode = FALSE
	EndGlobalSection
	GlobalSection(ExtensibilityGlobals) = postSolution
		SolutionGuid = {894FE90C-C2BE-46F1-AE02-6DC3E91F7586}
	EndGlobalSection
EndGlobal
